
Microsoft Visual Studio Solution File, Format Version 12.00
# Visual Studio Version 17
VisualStudioVersion = 17.0.31912.275
MinimumVisualStudioVersion = 10.0.40219.1
Project("{8BC9CEB8-8B4A-11D0-8D11-00A0C91BC942}") = "tema4_ex1", "tema4_ex1\tema4_ex1.vcxproj", "{FAFDF1C6-7D1B-4B95-ADE9-CC6C1AF686E8}"
EndProject
Global
	GlobalSection(SolutionConfigurationPlatforms) = preSolution
		Debug|x64 = Debug|x64
		Debug|x86 = Debug|x86
		Release|x64 = Release|x64
		Release|x86 = Release|x86
	EndGlobalSection
	GlobalSection(ProjectConfigurationPlatforms) = postSolution
		{FAFDF1C6-7D1B-4B95-ADE9-CC6C1AF686E8}.Debug|x64.ActiveCfg = Debug|x64
		{FAFDF1C6-7D1B-4B95-ADE9-CC6C1AF686E8}.Debug|x64.Build.0 = Debug|x64
		{FAFDF1C6-7D1B-4B95-ADE9-CC6C1AF686E8}.Debug|x86.ActiveCfg = Debug|Win32
		{FAFDF1C6-7D1B-4B95-ADE9-CC6C1AF686E8}.Debug|x86.Build.0 = Debug|Win32
		{FAFDF1C6-7D1B-4B95-ADE9-CC6C1AF686E8}.Release|x64.ActiveCfg = Release|x64
		{FAFDF1C6-7D1B-4B95-ADE9-CC6C1AF686E8}.Release|x64.Build.0 = Release|x64
		{FAFDF1C6-7D1B-4B95-ADE9-CC6C1AF686E8}.Release|x86.ActiveCfg = Release|Win32
		{FAFDF1C6-7D1B-4B95-ADE9-CC6C1AF686E8}.Release|x86.Build.0 = Release|Win32
	EndGlobalSection
	GlobalSection(SolutionProperties) = preSolution
		HideSolutionNode = FALSE
	EndGlobalSection
	GlobalSection(ExtensibilityGlobals) = postSolution
		SolutionGuid = {6DB93A56-2247-4789-ACEE-E6765B25CE8D}
	EndGlobalSection
EndGlobal
